
Microsoft Visual Studio Solution File, Format Version 12.00
# Visual Studio Version 17
VisualStudioVersion = 17.7.34009.444
MinimumVisualStudioVersion = 10.0.40219.1
Project("{F14B399A-7131-4C87-9E4B-1186C45EF12D}") = "Report Project1", "Report Project1.rptproj", "{EEB8C659-C5E7-453D-A6D1-0DEA548FBF31}"
EndProject
Global
	GlobalSection(SolutionConfigurationPlatforms) = preSolution
		Debug|Default = Debug|Default
		DebugLocal|Default = DebugLocal|Default
		Release|Default = Release|Default
	EndGlobalSection
	GlobalSection(ProjectConfigurationPlatforms) = postSolution
		{EEB8C659-C5E7-453D-A6D1-0DEA548FBF31}.Debug|Default.ActiveCfg = Debug
		{EEB8C659-C5E7-453D-A6D1-0DEA548FBF31}.Debug|Default.Build.0 = Debug
		{EEB8C659-C5E7-453D-A6D1-0DEA548FBF31}.Debug|Default.Deploy.0 = Debug
		{EEB8C659-C5E7-453D-A6D1-0DEA548FBF31}.DebugLocal|Default.ActiveCfg = DebugLocal
		{EEB8C659-C5E7-453D-A6D1-0DEA548FBF31}.DebugLocal|Default.Build.0 = DebugLocal
		{EEB8C659-C5E7-453D-A6D1-0DEA548FBF31}.Release|Default.ActiveCfg = Release
		{EEB8C659-C5E7-453D-A6D1-0DEA548FBF31}.Release|Default.Build.0 = Release
		{EEB8C659-C5E7-453D-A6D1-0DEA548FBF31}.Release|Default.Deploy.0 = Release
	EndGlobalSection
	GlobalSection(SolutionProperties) = preSolution
		HideSolutionNode = FALSE
	EndGlobalSection
	GlobalSection(ExtensibilityGlobals) = postSolution
		SolutionGuid = {64F0F45C-1E1B-4799-9AF7-19638A391359}
	EndGlobalSection
EndGlobal
